// !$*UTF8*$!
{
	archiveVersion = 1;
	classes = {
	};
	objectVersion = 77;
	objects = {

/* Begin PBXContainerItemProxy section */
		8A7556632DA80057002A7962 /* PBXContainerItemProxy */ = {
			isa = PBXContainerItemProxy;
			containerPortal = 8A75564A2DA80057002A7962 /* Project object */;
			proxyType = 1;
			remoteGlobalIDString = 8A7556512DA80057002A7962;
			remoteInfo = MRIQuantSim;
		};
		8A75566D2DA80057002A7962 /* PBXContainerItemProxy */ = {
			isa = PBXContainerItemProxy;
			containerPortal = 8A75564A2DA80057002A7962 /* Project object */;
			proxyType = 1;
			remoteGlobalIDString = 8A7556512DA80057002A7962;
			remoteInfo = MRIQuantSim;
		};
/* End PBXContainerItemProxy section */

/* Begin PBXFileReference section */
		8A7556522DA80057002A7962 /* MRIQuantSim.app */ = {isa = PBXFileReference; explicitFileType = wrapper.application; includeInIndex = 0; path = MRIQuantSim.app; sourceTree = BUILT_PRODUCTS_DIR; };
		8A7556622DA80057002A7962 /* MRIQuantSimTests.xctest */ = {isa = PBXFileReference; explicitFileType = wrapper.cfbundle; includeInIndex = 0; path = MRIQuantSimTests.xctest; sourceTree = BUILT_PRODUCTS_DIR; };
		8A75566C2DA80057002A7962 /* MRIQuantSimUITests.xctest */ = {isa = PBXFileReference; explicitFileType = wrapper.cfbundle; includeInIndex = 0; path = MRIQuantSimUITests.xctest; sourceTree = BUILT_PRODUCTS_DIR; };
		8A8361032DA96AD600991175 /* README.md */ = {isa = PBXFileReference; explicitFileType = net.daringfireball.markdown; path = README.md; sourceTree = "<group>"; };
		8A8361042DA96AE200991175 /* LICENSE */ = {isa = PBXFileReference; explicitFileType = net.daringfireball.markdown; path = LICENSE; sourceTree = "<group>"; };
		8A8361052DA96AF000991175 /* CLAUDE.md */ = {isa = PBXFileReference; explicitFileType = net.daringfireball.markdown; path = CLAUDE.md; sourceTree = "<group>"; };
		8AD68AEC2DA9D076004D6629 /* PRIVACY.md */ = {isa = PBXFileReference; explicitFileType = net.daringfireball.markdown; path = PRIVACY.md; sourceTree = "<group>"; };
/* End PBXFileReference section */

/* Begin PBXFileSystemSynchronizedBuildFileExceptionSet section */
		8A95AED32DAAB6E500D2BCB0 /* Exceptions for "MRIQuantSim" folder in "MRIQuantSim" target */ = {
			isa = PBXFileSystemSynchronizedBuildFileExceptionSet;
			membershipExceptions = (
				Info.plist,
			);
			target = 8A7556512DA80057002A7962 /* MRIQuantSim */;
		};
/* End PBXFileSystemSynchronizedBuildFileExceptionSet section */

/* Begin PBXFileSystemSynchronizedRootGroup section */
		8A7556542DA80057002A7962 /* MRIQuantSim */ = {
			isa = PBXFileSystemSynchronizedRootGroup;
			exceptions = (
				8A95AED32DAAB6E500D2BCB0 /* Exceptions for "MRIQuantSim" folder in "MRIQuantSim" target */,
			);
			explicitFileTypes = {
				Info.plist = text.plist.info;
			};
			path = MRIQuantSim;
			sourceTree = "<group>";
		};
		8A7556652DA80057002A7962 /* MRIQuantSimTests */ = {
			isa = PBXFileSystemSynchronizedRootGroup;
			path = MRIQuantSimTests;
			sourceTree = "<group>";
		};
		8A75566F2DA80057002A7962 /* MRIQuantSimUITests */ = {
			isa = PBXFileSystemSynchronizedRootGroup;
			path = MRIQuantSimUITests;
			sourceTree = "<group>";
		};
		8AC14AF72DA9A39E00C5E286 /* Releases */ = {
			isa = PBXFileSystemSynchronizedRootGroup;
			explicitFileTypes = {
				v1.0.1.md = net.daringfireball.markdown;
				v1.0.md = net.daringfireball.markdown;
			};
			path = Releases;
			sourceTree = "<group>";
		};
		8AC14B1D2DA9B2C100C5E286 /* Media */ = {
			isa = PBXFileSystemSynchronizedRootGroup;
			path = Media;
			sourceTree = "<group>";
		};
/* End PBXFileSystemSynchronizedRootGroup section */

/* Begin PBXFrameworksBuildPhase section */
		8A75564F2DA80057002A7962 /* Frameworks */ = {
			isa = PBXFrameworksBuildPhase;
			buildActionMask = 2147483647;
			files = (
			);
			runOnlyForDeploymentPostprocessing = 0;
		};
		8A75565F2DA80057002A7962 /* Frameworks */ = {
			isa = PBXFrameworksBuildPhase;
			buildActionMask = 2147483647;
			files = (
			);
			runOnlyForDeploymentPostprocessing = 0;
		};
		8A7556692DA80057002A7962 /* Frameworks */ = {
			isa = PBXFrameworksBuildPhase;
			buildActionMask = 2147483647;
			files = (
			);
			runOnlyForDeploymentPostprocessing = 0;
		};
/* End PBXFrameworksBuildPhase section */

/* Begin PBXGroup section */
		8A7556492DA80057002A7962 = {
			isa = PBXGroup;
			children = (
				8AD68AEC2DA9D076004D6629 /* PRIVACY.md */,
				8A8361052DA96AF000991175 /* CLAUDE.md */,
				8A8361042DA96AE200991175 /* LICENSE */,
				8A8361032DA96AD600991175 /* README.md */,
				8AC14B1D2DA9B2C100C5E286 /* Media */,
				8AC14AF72DA9A39E00C5E286 /* Releases */,
				8A7556542DA80057002A7962 /* MRIQuantSim */,
				8A7556652DA80057002A7962 /* MRIQuantSimTests */,
				8A75566F2DA80057002A7962 /* MRIQuantSimUITests */,
				8A7556532DA80057002A7962 /* Products */,
			);
			sourceTree = "<group>";
		};
		8A7556532DA80057002A7962 /* Products */ = {
			isa = PBXGroup;
			children = (
				8A7556522DA80057002A7962 /* MRIQuantSim.app */,
				8A7556622DA80057002A7962 /* MRIQuantSimTests.xctest */,
				8A75566C2DA80057002A7962 /* MRIQuantSimUITests.xctest */,
			);
			name = Products;
			sourceTree = "<group>";
		};
/* End PBXGroup section */

/* Begin PBXNativeTarget section */
		8A7556512DA80057002A7962 /* MRIQuantSim */ = {
			isa = PBXNativeTarget;
			buildConfigurationList = 8A7556762DA80058002A7962 /* Build configuration list for PBXNativeTarget "MRIQuantSim" */;
			buildPhases = (
				8A75564E2DA80057002A7962 /* Sources */,
				8A75564F2DA80057002A7962 /* Frameworks */,
				8A7556502DA80057002A7962 /* Resources */,
			);
			buildRules = (
			);
			dependencies = (
			);
			fileSystemSynchronizedGroups = (
				8A7556542DA80057002A7962 /* MRIQuantSim */,
			);
			name = MRIQuantSim;
			packageProductDependencies = (
			);
			productName = MRIQuantSim;
			productReference = 8A7556522DA80057002A7962 /* MRIQuantSim.app */;
			productType = "com.apple.product-type.application";
		};
		8A7556612DA80057002A7962 /* MRIQuantSimTests */ = {
			isa = PBXNativeTarget;
			buildConfigurationList = 8A7556792DA80058002A7962 /* Build configuration list for PBXNativeTarget "MRIQuantSimTests" */;
			buildPhases = (
				8A75565E2DA80057002A7962 /* Sources */,
				8A75565F2DA80057002A7962 /* Frameworks */,
				8A7556602DA80057002A7962 /* Resources */,
			);
			buildRules = (
			);
			dependencies = (
				8A7556642DA80057002A7962 /* PBXTargetDependency */,
			);
			fileSystemSynchronizedGroups = (
				8A7556652DA80057002A7962 /* MRIQuantSimTests */,
			);
			name = MRIQuantSimTests;
			packageProductDependencies = (
			);
			productName = MRIQuantSimTests;
			productReference = 8A7556622DA80057002A7962 /* MRIQuantSimTests.xctest */;
			productType = "com.apple.product-type.bundle.unit-test";
		};
		8A75566B2DA80057002A7962 /* MRIQuantSimUITests */ = {
			isa = PBXNativeTarget;
			buildConfigurationList = 8A75567C2DA80058002A7962 /* Build configuration list for PBXNativeTarget "MRIQuantSimUITests" */;
			buildPhases = (
				8A7556682DA80057002A7962 /* Sources */,
				8A7556692DA80057002A7962 /* Frameworks */,
				8A75566A2DA80057002A7962 /* Resources */,
			);
			buildRules = (
			);
			dependencies = (
				8A75566E2DA80057002A7962 /* PBXTargetDependency */,
			);
			fileSystemSynchronizedGroups = (
				8A75566F2DA80057002A7962 /* MRIQuantSimUITests */,
			);
			name = MRIQuantSimUITests;
			packageProductDependencies = (
			);
			productName = MRIQuantSimUITests;
			productReference = 8A75566C2DA80057002A7962 /* MRIQuantSimUITests.xctest */;
			productType = "com.apple.product-type.bundle.ui-testing";
		};
/* End PBXNativeTarget section */

/* Begin PBXProject section */
		8A75564A2DA80057002A7962 /* Project object */ = {
			isa = PBXProject;
			attributes = {
				BuildIndependentTargetsInParallel = 1;
				LastSwiftUpdateCheck = 1630;
				LastUpgradeCheck = 1630;
				TargetAttributes = {
					8A7556512DA80057002A7962 = {
						CreatedOnToolsVersion = 16.3;
					};
					8A7556612DA80057002A7962 = {
						CreatedOnToolsVersion = 16.3;
						TestTargetID = 8A7556512DA80057002A7962;
					};
					8A75566B2DA80057002A7962 = {
						CreatedOnToolsVersion = 16.3;
						TestTargetID = 8A7556512DA80057002A7962;
					};
				};
			};
			buildConfigurationList = 8A75564D2DA80057002A7962 /* Build configuration list for PBXProject "MRIQuantSim" */;
			developmentRegion = en;
			hasScannedForEncodings = 0;
			knownRegions = (
				en,
				Base,
			);
			mainGroup = 8A7556492DA80057002A7962;
			minimizedProjectReferenceProxies = 1;
			packageReferences = (
				8A75568B2DA8023C002A7962 /* XCRemoteSwiftPackageReference "swift-algorithms" */,
			);
			preferredProjectObjectVersion = 77;
			productRefGroup = 8A7556532DA80057002A7962 /* Products */;
			projectDirPath = "";
			projectRoot = "";
			targets = (
				8A7556512DA80057002A7962 /* MRIQuantSim */,
				8A7556612DA80057002A7962 /* MRIQuantSimTests */,
				8A75566B2DA80057002A7962 /* MRIQuantSimUITests */,
			);
		};
/* End PBXProject section */

/* Begin PBXResourcesBuildPhase section */
		8A7556502DA80057002A7962 /* Resources */ = {
			isa = PBXResourcesBuildPhase;
			buildActionMask = 2147483647;
			files = (
			);
			runOnlyForDeploymentPostprocessing = 0;
		};
		8A7556602DA80057002A7962 /* Resources */ = {
			isa = PBXResourcesBuildPhase;
			buildActionMask = 2147483647;
			files = (
			);
			runOnlyForDeploymentPostprocessing = 0;
		};
		8A75566A2DA80057002A7962 /* Resources */ = {
			isa = PBXResourcesBuildPhase;
			buildActionMask = 2147483647;
			files = (
			);
			runOnlyForDeploymentPostprocessing = 0;
		};
/* End PBXResourcesBuildPhase section */

/* Begin PBXSourcesBuildPhase section */
		8A75564E2DA80057002A7962 /* Sources */ = {
			isa = PBXSourcesBuildPhase;
			buildActionMask = 2147483647;
			files = (
			);
			runOnlyForDeploymentPostprocessing = 0;
		};
		8A75565E2DA80057002A7962 /* Sources */ = {
			isa = PBXSourcesBuildPhase;
			buildActionMask = 2147483647;
			files = (
			);
			runOnlyForDeploymentPostprocessing = 0;
		};
		8A7556682DA80057002A7962 /* Sources */ = {
			isa = PBXSourcesBuildPhase;
			buildActionMask = 2147483647;
			files = (
			);
			runOnlyForDeploymentPostprocessing = 0;
		};
/* End PBXSourcesBuildPhase section */

/* Begin PBXTargetDependency section */
		8A7556642DA80057002A7962 /* PBXTargetDependency */ = {
			isa = PBXTargetDependency;
			target = 8A7556512DA80057002A7962 /* MRIQuantSim */;
			targetProxy = 8A7556632DA80057002A7962 /* PBXContainerItemProxy */;
		};
		8A75566E2DA80057002A7962 /* PBXTargetDependency */ = {
			isa = PBXTargetDependency;
			target = 8A7556512DA80057002A7962 /* MRIQuantSim */;
			targetProxy = 8A75566D2DA80057002A7962 /* PBXContainerItemProxy */;
		};
/* End PBXTargetDependency section */

/* Begin XCBuildConfiguration section */
		8A7556742DA80058002A7962 /* Debug */ = {
			isa = XCBuildConfiguration;
			buildSettings = {
				ALWAYS_SEARCH_USER_PATHS = NO;
				ASSETCATALOG_COMPILER_GENERATE_SWIFT_ASSET_SYMBOL_EXTENSIONS = YES;
				CLANG_ANALYZER_NONNULL = YES;
				CLANG_ANALYZER_NUMBER_OBJECT_CONVERSION = YES_AGGRESSIVE;
				CLANG_CXX_LANGUAGE_STANDARD = "gnu++20";
				CLANG_ENABLE_MODULES = YES;
				CLANG_ENABLE_OBJC_ARC = YES;
				CLANG_ENABLE_OBJC_WEAK = YES;
				CLANG_WARN_BLOCK_CAPTURE_AUTORELEASING = YES;
				CLANG_WARN_BOOL_CONVERSION = YES;
				CLANG_WARN_COMMA = YES;
				CLANG_WARN_CONSTANT_CONVERSION = YES;
				CLANG_WARN_DEPRECATED_OBJC_IMPLEMENTATIONS = YES;
				CLANG_WARN_DIRECT_OBJC_ISA_USAGE = YES_ERROR;
				CLANG_WARN_DOCUMENTATION_COMMENTS = YES;
				CLANG_WARN_EMPTY_BODY = YES;
				CLANG_WARN_ENUM_CONVERSION = YES;
				CLANG_WARN_INFINITE_RECURSION = YES;
				CLANG_WARN_INT_CONVERSION = YES;
				CLANG_WARN_NON_LITERAL_NULL_CONVERSION = YES;
				CLANG_WARN_OBJC_IMPLICIT_RETAIN_SELF = YES;
				CLANG_WARN_OBJC_LITERAL_CONVERSION = YES;
				CLANG_WARN_OBJC_ROOT_CLASS = YES_ERROR;
				CLANG_WARN_QUOTED_INCLUDE_IN_FRAMEWORK_HEADER = YES;
				CLANG_WARN_RANGE_LOOP_ANALYSIS = YES;
				CLANG_WARN_STRICT_PROTOTYPES = YES;
				CLANG_WARN_SUSPICIOUS_MOVE = YES;
				CLANG_WARN_UNGUARDED_AVAILABILITY = YES_AGGRESSIVE;
				CLANG_WARN_UNREACHABLE_CODE = YES;
				CLANG_WARN__DUPLICATE_METHOD_MATCH = YES;
				COPY_PHASE_STRIP = NO;
				DEBUG_INFORMATION_FORMAT = dwarf;
				DEVELOPMENT_TEAM = B3MQ7N9D25;
				ENABLE_STRICT_OBJC_MSGSEND = YES;
				ENABLE_TESTABILITY = YES;
				ENABLE_USER_SCRIPT_SANDBOXING = YES;
				GCC_C_LANGUAGE_STANDARD = gnu17;
				GCC_DYNAMIC_NO_PIC = NO;
				GCC_NO_COMMON_BLOCKS = YES;
				GCC_OPTIMIZATION_LEVEL = 0;
				GCC_PREPROCESSOR_DEFINITIONS = (
					"DEBUG=1",
					"$(inherited)",
				);
				GCC_WARN_64_TO_32_BIT_CONVERSION = YES;
				GCC_WARN_ABOUT_RETURN_TYPE = YES_ERROR;
				GCC_WARN_UNDECLARED_SELECTOR = YES;
				GCC_WARN_UNINITIALIZED_AUTOS = YES_AGGRESSIVE;
				GCC_WARN_UNUSED_FUNCTION = YES;
				GCC_WARN_UNUSED_VARIABLE = YES;
				LOCALIZATION_PREFERS_STRING_CATALOGS = YES;
				MACOSX_DEPLOYMENT_TARGET = 15.4;
				MTL_ENABLE_DEBUG_INFO = INCLUDE_SOURCE;
				MTL_FAST_MATH = YES;
				ONLY_ACTIVE_ARCH = YES;
				SDKROOT = macosx;
				SWIFT_ACTIVE_COMPILATION_CONDITIONS = "DEBUG $(inherited)";
				SWIFT_OPTIMIZATION_LEVEL = "-Onone";
			};
			name = Debug;
		};
		8A7556752DA80058002A7962 /* Release */ = {
			isa = XCBuildConfiguration;
			buildSettings = {
				ALWAYS_SEARCH_USER_PATHS = NO;
				ASSETCATALOG_COMPILER_GENERATE_SWIFT_ASSET_SYMBOL_EXTENSIONS = YES;
				CLANG_ANALYZER_NONNULL = YES;
				CLANG_ANALYZER_NUMBER_OBJECT_CONVERSION = YES_AGGRESSIVE;
				CLANG_CXX_LANGUAGE_STANDARD = "gnu++20";
				CLANG_ENABLE_MODULES = YES;
				CLANG_ENABLE_OBJC_ARC = YES;
				CLANG_ENABLE_OBJC_WEAK = YES;
				CLANG_WARN_BLOCK_CAPTURE_AUTORELEASING = YES;
				CLANG_WARN_BOOL_CONVERSION = YES;
				CLANG_WARN_COMMA = YES;
				CLANG_WARN_CONSTANT_CONVERSION = YES;
				CLANG_WARN_DEPRECATED_OBJC_IMPLEMENTATIONS = YES;
				CLANG_WARN_DIRECT_OBJC_ISA_USAGE = YES_ERROR;
				CLANG_WARN_DOCUMENTATION_COMMENTS = YES;
				CLANG_WARN_EMPTY_BODY = YES;
				CLANG_WARN_ENUM_CONVERSION = YES;
				CLANG_WARN_INFINITE_RECURSION = YES;
				CLANG_WARN_INT_CONVERSION = YES;
				CLANG_WARN_NON_LITERAL_NULL_CONVERSION = YES;
				CLANG_WARN_OBJC_IMPLICIT_RETAIN_SELF = YES;
				CLANG_WARN_OBJC_LITERAL_CONVERSION = YES;
				CLANG_WARN_OBJC_ROOT_CLASS = YES_ERROR;
				CLANG_WARN_QUOTED_INCLUDE_IN_FRAMEWORK_HEADER = YES;
				CLANG_WARN_RANGE_LOOP_ANALYSIS = YES;
				CLANG_WARN_STRICT_PROTOTYPES = YES;
				CLANG_WARN_SUSPICIOUS_MOVE = YES;
				CLANG_WARN_UNGUARDED_AVAILABILITY = YES_AGGRESSIVE;
				CLANG_WARN_UNREACHABLE_CODE = YES;
				CLANG_WARN__DUPLICATE_METHOD_MATCH = YES;
				COPY_PHASE_STRIP = NO;
				DEBUG_INFORMATION_FORMAT = "dwarf-with-dsym";
				DEVELOPMENT_TEAM = B3MQ7N9D25;
				ENABLE_NS_ASSERTIONS = NO;
				ENABLE_STRICT_OBJC_MSGSEND = YES;
				ENABLE_USER_SCRIPT_SANDBOXING = YES;
				GCC_C_LANGUAGE_STANDARD = gnu17;
				GCC_NO_COMMON_BLOCKS = YES;
				GCC_WARN_64_TO_32_BIT_CONVERSION = YES;
				GCC_WARN_ABOUT_RETURN_TYPE = YES_ERROR;
				GCC_WARN_UNDECLARED_SELECTOR = YES;
				GCC_WARN_UNINITIALIZED_AUTOS = YES_AGGRESSIVE;
				GCC_WARN_UNUSED_FUNCTION = YES;
				GCC_WARN_UNUSED_VARIABLE = YES;
				LOCALIZATION_PREFERS_STRING_CATALOGS = YES;
				MACOSX_DEPLOYMENT_TARGET = 15.4;
				MTL_ENABLE_DEBUG_INFO = NO;
				MTL_FAST_MATH = YES;
				SDKROOT = macosx;
				SWIFT_COMPILATION_MODE = wholemodule;
			};
			name = Release;
		};
		8A7556772DA80058002A7962 /* Debug */ = {
			isa = XCBuildConfiguration;
			buildSettings = {
				ASSETCATALOG_COMPILER_APPICON_NAME = AppIcon;
				ASSETCATALOG_COMPILER_GLOBAL_ACCENT_COLOR_NAME = AccentColor;
				CODE_SIGN_ENTITLEMENTS = MRIQuantSim/MRIQuantSim.entitlements;
				"CODE_SIGN_IDENTITY[sdk=macosx*]" = "-";
				CODE_SIGN_STYLE = Automatic;
				COMBINE_HIDPI_IMAGES = YES;
				CURRENT_PROJECT_VERSION = 1;
				DEVELOPMENT_TEAM = B3MQ7N9D25;
				ENABLE_HARDENED_RUNTIME = YES;
				ENABLE_PREVIEWS = YES;
				GENERATE_INFOPLIST_FILE = YES;
				INFOPLIST_FILE = MRIQuantSim/Info.plist;
				INFOPLIST_KEY_LSApplicationCategoryType = "public.app-category.education";
				INFOPLIST_KEY_NSHumanReadableCopyright = "";
				LD_RUNPATH_SEARCH_PATHS = (
					"$(inherited)",
					"@executable_path/../Frameworks",
				);
				MACOSX_DEPLOYMENT_TARGET = 15.0;
				MARKETING_VERSION = 1.0;
				PRODUCT_BUNDLE_IDENTIFIER = net.endoquant.MRIQuantSim;
				PRODUCT_NAME = "$(TARGET_NAME)";
				REGISTER_APP_GROUPS = YES;
				SWIFT_EMIT_LOC_STRINGS = YES;
				SWIFT_VERSION = 6.0;
			};
			name = Debug;
		};
		8A7556782DA80058002A7962 /* Release */ = {
			isa = XCBuildConfiguration;
			buildSettings = {
				ASSETCATALOG_COMPILER_APPICON_NAME = AppIcon;
				ASSETCATALOG_COMPILER_GLOBAL_ACCENT_COLOR_NAME = AccentColor;
				CODE_SIGN_ENTITLEMENTS = MRIQuantSim/MRIQuantSimRelease.entitlements;
				"CODE_SIGN_IDENTITY[sdk=macosx*]" = "-";
				CODE_SIGN_STYLE = Automatic;
				COMBINE_HIDPI_IMAGES = YES;
				CURRENT_PROJECT_VERSION = 1;
				DEVELOPMENT_TEAM = B3MQ7N9D25;
				ENABLE_HARDENED_RUNTIME = YES;
				ENABLE_PREVIEWS = YES;
				GENERATE_INFOPLIST_FILE = YES;
				INFOPLIST_FILE = MRIQuantSim/Info.plist;
				INFOPLIST_KEY_LSApplicationCategoryType = "public.app-category.education";
				INFOPLIST_KEY_NSHumanReadableCopyright = "";
				LD_RUNPATH_SEARCH_PATHS = (
					"$(inherited)",
					"@executable_path/../Frameworks",
				);
				MACOSX_DEPLOYMENT_TARGET = 15.0;
				MARKETING_VERSION = 1.0;
				PRODUCT_BUNDLE_IDENTIFIER = net.endoquant.MRIQuantSim;
				PRODUCT_NAME = "$(TARGET_NAME)";
				REGISTER_APP_GROUPS = YES;
				SWIFT_EMIT_LOC_STRINGS = YES;
				SWIFT_VERSION = 6.0;
			};
			name = Release;
		};
		8A75567A2DA80058002A7962 /* Debug */ = {
			isa = XCBuildConfiguration;
			buildSettings = {
				BUNDLE_LOADER = "$(TEST_HOST)";
				CODE_SIGN_STYLE = Automatic;
				CURRENT_PROJECT_VERSION = 1;
				DEVELOPMENT_TEAM = B3MQ7N9D25;
				GENERATE_INFOPLIST_FILE = YES;
				MACOSX_DEPLOYMENT_TARGET = 15.0;
				MARKETING_VERSION = 1.0;
				PRODUCT_BUNDLE_IDENTIFIER = ca.nil.MRIQuantSimTests;
				PRODUCT_NAME = "$(TARGET_NAME)";
				SWIFT_EMIT_LOC_STRINGS = NO;
				SWIFT_VERSION = 5.0;
				TEST_HOST = "$(BUILT_PRODUCTS_DIR)/MRIQuantSim.app/$(BUNDLE_EXECUTABLE_FOLDER_PATH)/MRIQuantSim";
			};
			name = Debug;
		};
		8A75567B2DA80058002A7962 /* Release */ = {
			isa = XCBuildConfiguration;
			buildSettings = {
				BUNDLE_LOADER = "$(TEST_HOST)";
				CODE_SIGN_STYLE = Automatic;
				CURRENT_PROJECT_VERSION = 1;
				DEVELOPMENT_TEAM = B3MQ7N9D25;
				GENERATE_INFOPLIST_FILE = YES;
				MACOSX_DEPLOYMENT_TARGET = 15.0;
				MARKETING_VERSION = 1.0;
				PRODUCT_BUNDLE_IDENTIFIER = ca.nil.MRIQuantSimTests;
				PRODUCT_NAME = "$(TARGET_NAME)";
				SWIFT_EMIT_LOC_STRINGS = NO;
				SWIFT_VERSION = 5.0;
				TEST_HOST = "$(BUILT_PRODUCTS_DIR)/MRIQuantSim.app/$(BUNDLE_EXECUTABLE_FOLDER_PATH)/MRIQuantSim";
			};
			name = Release;
		};
		8A75567D2DA80058002A7962 /* Debug */ = {
			isa = XCBuildConfiguration;
			buildSettings = {
				CODE_SIGN_STYLE = Automatic;
				CURRENT_PROJECT_VERSION = 1;
				DEVELOPMENT_TEAM = B3MQ7N9D25;
				GENERATE_INFOPLIST_FILE = YES;
				MACOSX_DEPLOYMENT_TARGET = 15.0;
				MARKETING_VERSION = 1.0;
				PRODUCT_BUNDLE_IDENTIFIER = ca.nil.MRIQuantSimUITests;
				PRODUCT_NAME = "$(TARGET_NAME)";
				SWIFT_EMIT_LOC_STRINGS = NO;
				SWIFT_VERSION = 5.0;
				TEST_TARGET_NAME = MRIQuantSim;
			};
			name = Debug;
		};
		8A75567E2DA80058002A7962 /* Release */ = {
			isa = XCBuildConfiguration;
			buildSettings = {
				CODE_SIGN_STYLE = Automatic;
				CURRENT_PROJECT_VERSION = 1;
				DEVELOPMENT_TEAM = B3MQ7N9D25;
				GENERATE_INFOPLIST_FILE = YES;
				MACOSX_DEPLOYMENT_TARGET = 15.0;
				MARKETING_VERSION = 1.0;
				PRODUCT_BUNDLE_IDENTIFIER = ca.nil.MRIQuantSimUITests;
				PRODUCT_NAME = "$(TARGET_NAME)";
				SWIFT_EMIT_LOC_STRINGS = NO;
				SWIFT_VERSION = 5.0;
				TEST_TARGET_NAME = MRIQuantSim;
			};
			name = Release;
		};
		8AC14AD02DA996E400C5E286 /* Distribution */ = {
			isa = XCBuildConfiguration;
			buildSettings = {
				ALWAYS_SEARCH_USER_PATHS = NO;
				ASSETCATALOG_COMPILER_GENERATE_SWIFT_ASSET_SYMBOL_EXTENSIONS = YES;
				CLANG_ANALYZER_NONNULL = YES;
				CLANG_ANALYZER_NUMBER_OBJECT_CONVERSION = YES_AGGRESSIVE;
				CLANG_CXX_LANGUAGE_STANDARD = "gnu++20";
				CLANG_ENABLE_MODULES = YES;
				CLANG_ENABLE_OBJC_ARC = YES;
				CLANG_ENABLE_OBJC_WEAK = YES;
				CLANG_WARN_BLOCK_CAPTURE_AUTORELEASING = YES;
				CLANG_WARN_BOOL_CONVERSION = YES;
				CLANG_WARN_COMMA = YES;
				CLANG_WARN_CONSTANT_CONVERSION = YES;
				CLANG_WARN_DEPRECATED_OBJC_IMPLEMENTATIONS = YES;
				CLANG_WARN_DIRECT_OBJC_ISA_USAGE = YES_ERROR;
				CLANG_WARN_DOCUMENTATION_COMMENTS = YES;
				CLANG_WARN_EMPTY_BODY = YES;
				CLANG_WARN_ENUM_CONVERSION = YES;
				CLANG_WARN_INFINITE_RECURSION = YES;
				CLANG_WARN_INT_CONVERSION = YES;
				CLANG_WARN_NON_LITERAL_NULL_CONVERSION = YES;
				CLANG_WARN_OBJC_IMPLICIT_RETAIN_SELF = YES;
				CLANG_WARN_OBJC_LITERAL_CONVERSION = YES;
				CLANG_WARN_OBJC_ROOT_CLASS = YES_ERROR;
				CLANG_WARN_QUOTED_INCLUDE_IN_FRAMEWORK_HEADER = YES;
				CLANG_WARN_RANGE_LOOP_ANALYSIS = YES;
				CLANG_WARN_STRICT_PROTOTYPES = YES;
				CLANG_WARN_SUSPICIOUS_MOVE = YES;
				CLANG_WARN_UNGUARDED_AVAILABILITY = YES_AGGRESSIVE;
				CLANG_WARN_UNREACHABLE_CODE = YES;
				CLANG_WARN__DUPLICATE_METHOD_MATCH = YES;
				COPY_PHASE_STRIP = NO;
				DEBUG_INFORMATION_FORMAT = "dwarf-with-dsym";
				DEVELOPMENT_TEAM = B3MQ7N9D25;
				ENABLE_NS_ASSERTIONS = NO;
				ENABLE_STRICT_OBJC_MSGSEND = YES;
				ENABLE_USER_SCRIPT_SANDBOXING = YES;
				GCC_C_LANGUAGE_STANDARD = gnu17;
				GCC_NO_COMMON_BLOCKS = YES;
				GCC_WARN_64_TO_32_BIT_CONVERSION = YES;
				GCC_WARN_ABOUT_RETURN_TYPE = YES_ERROR;
				GCC_WARN_UNDECLARED_SELECTOR = YES;
				GCC_WARN_UNINITIALIZED_AUTOS = YES_AGGRESSIVE;
				GCC_WARN_UNUSED_FUNCTION = YES;
				GCC_WARN_UNUSED_VARIABLE = YES;
				LOCALIZATION_PREFERS_STRING_CATALOGS = YES;
				MACOSX_DEPLOYMENT_TARGET = 15.4;
				MTL_ENABLE_DEBUG_INFO = NO;
				MTL_FAST_MATH = YES;
				SDKROOT = macosx;
				SWIFT_COMPILATION_MODE = wholemodule;
			};
			name = Distribution;
		};
		8AC14AD12DA996E400C5E286 /* Distribution */ = {
			isa = XCBuildConfiguration;
			buildSettings = {
				ASSETCATALOG_COMPILER_APPICON_NAME = AppIcon;
				ASSETCATALOG_COMPILER_GLOBAL_ACCENT_COLOR_NAME = AccentColor;
				CODE_SIGN_ENTITLEMENTS = MRIQuantSim/MRIQuantSim.entitlements;
				"CODE_SIGN_IDENTITY[sdk=macosx*]" = "3rd Party Mac Developer Application";
				CODE_SIGN_STYLE = Manual;
				COMBINE_HIDPI_IMAGES = YES;
				CURRENT_PROJECT_VERSION = 1;
				DEVELOPMENT_TEAM = "";
				"DEVELOPMENT_TEAM[sdk=macosx*]" = GK7464QKRB;
				ENABLE_HARDENED_RUNTIME = YES;
				ENABLE_PREVIEWS = YES;
				GENERATE_INFOPLIST_FILE = YES;
				INFOPLIST_FILE = MRIQuantSim/Info.plist;
				INFOPLIST_KEY_LSApplicationCategoryType = "public.app-category.education";
				INFOPLIST_KEY_NSHumanReadableCopyright = "";
				LD_RUNPATH_SEARCH_PATHS = (
					"$(inherited)",
					"@executable_path/../Frameworks",
				);
				MACOSX_DEPLOYMENT_TARGET = 15.0;
				MARKETING_VERSION = 1.0;
				PRODUCT_BUNDLE_IDENTIFIER = net.endoquant.MRIQuantSim;
				PRODUCT_NAME = "$(TARGET_NAME)";
				PROVISIONING_PROFILE_SPECIFIER = "";
				"PROVISIONING_PROFILE_SPECIFIER[sdk=macosx*]" = "MRIQuantSim Mac App Store Distribution";
				REGISTER_APP_GROUPS = YES;
				SWIFT_EMIT_LOC_STRINGS = YES;
				SWIFT_VERSION = 6.0;
			};
			name = Distribution;
		};
		8AC14AD22DA996E400C5E286 /* Distribution */ = {
			isa = XCBuildConfiguration;
			buildSettings = {
				BUNDLE_LOADER = "$(TEST_HOST)";
				CODE_SIGN_STYLE = Automatic;
				CURRENT_PROJECT_VERSION = 1;
				DEVELOPMENT_TEAM = B3MQ7N9D25;
				GENERATE_INFOPLIST_FILE = YES;
				MACOSX_DEPLOYMENT_TARGET = 15.0;
				MARKETING_VERSION = 1.0;
				PRODUCT_BUNDLE_IDENTIFIER = ca.nil.MRIQuantSimTests;
				PRODUCT_NAME = "$(TARGET_NAME)";
				SWIFT_EMIT_LOC_STRINGS = NO;
				SWIFT_VERSION = 5.0;
				TEST_HOST = "$(BUILT_PRODUCTS_DIR)/MRIQuantSim.app/$(BUNDLE_EXECUTABLE_FOLDER_PATH)/MRIQuantSim";
			};
			name = Distribution;
		};
		8AC14AD32DA996E400C5E286 /* Distribution */ = {
			isa = XCBuildConfiguration;
			buildSettings = {
				CODE_SIGN_STYLE = Automatic;
				CURRENT_PROJECT_VERSION = 1;
				DEVELOPMENT_TEAM = B3MQ7N9D25;
				GENERATE_INFOPLIST_FILE = YES;
				MACOSX_DEPLOYMENT_TARGET = 15.0;
				MARKETING_VERSION = 1.0;
				PRODUCT_BUNDLE_IDENTIFIER = ca.nil.MRIQuantSimUITests;
				PRODUCT_NAME = "$(TARGET_NAME)";
				SWIFT_EMIT_LOC_STRINGS = NO;
				SWIFT_VERSION = 5.0;
				TEST_TARGET_NAME = MRIQuantSim;
			};
			name = Distribution;
		};
/* End XCBuildConfiguration section */

/* Begin XCConfigurationList section */
		8A75564D2DA80057002A7962 /* Build configuration list for PBXProject "MRIQuantSim" */ = {
			isa = XCConfigurationList;
			buildConfigurations = (
				8A7556742DA80058002A7962 /* Debug */,
				8A7556752DA80058002A7962 /* Release */,
				8AC14AD02DA996E400C5E286 /* Distribution */,
			);
			defaultConfigurationIsVisible = 0;
			defaultConfigurationName = Release;
		};
		8A7556762DA80058002A7962 /* Build configuration list for PBXNativeTarget "MRIQuantSim" */ = {
			isa = XCConfigurationList;
			buildConfigurations = (
				8A7556772DA80058002A7962 /* Debug */,
				8A7556782DA80058002A7962 /* Release */,
				8AC14AD12DA996E400C5E286 /* Distribution */,
			);
			defaultConfigurationIsVisible = 0;
			defaultConfigurationName = Release;
		};
		8A7556792DA80058002A7962 /* Build configuration list for PBXNativeTarget "MRIQuantSimTests" */ = {
			isa = XCConfigurationList;
			buildConfigurations = (
				8A75567A2DA80058002A7962 /* Debug */,
				8A75567B2DA80058002A7962 /* Release */,
				8AC14AD22DA996E400C5E286 /* Distribution */,
			);
			defaultConfigurationIsVisible = 0;
			defaultConfigurationName = Release;
		};
		8A75567C2DA80058002A7962 /* Build configuration list for PBXNativeTarget "MRIQuantSimUITests" */ = {
			isa = XCConfigurationList;
			buildConfigurations = (
				8A75567D2DA80058002A7962 /* Debug */,
				8A75567E2DA80058002A7962 /* Release */,
				8AC14AD32DA996E400C5E286 /* Distribution */,
			);
			defaultConfigurationIsVisible = 0;
			defaultConfigurationName = Release;
		};
/* End XCConfigurationList section */

/* Begin XCRemoteSwiftPackageReference section */
		8A75568B2DA8023C002A7962 /* XCRemoteSwiftPackageReference "swift-algorithms" */ = {
			isa = XCRemoteSwiftPackageReference;
			repositoryURL = "https://github.com/apple/swift-algorithms.git";
			requirement = {
				kind = upToNextMajorVersion;
				minimumVersion = 1.2.1;
			};
		};
/* End XCRemoteSwiftPackageReference section */
	};
	rootObject = 8A75564A2DA80057002A7962 /* Project object */;
}
